
Microsoft Visual Studio Solution File, Format Version 12.00
# Visual Studio Version 17
VisualStudioVersion = 17.10.34928.147
MinimumVisualStudioVersion = 10.0.40219.1
Project("{2150E333-8FDC-42A3-9474-1A3956D46DE8}") = "Services", "Services", "{7FB331EA-1CF5-4CFF-9E3C-361455A6EEC7}"
EndProject
Project("{2150E333-8FDC-42A3-9474-1A3956D46DE8}") = "Catalog", "Catalog", "{8F7DD84B-11F4-444B-81AF-59D0B8909F8C}"
EndProject
Project("{9A19103F-16F7-4668-BE54-9A1E7A4F7556}") = "Catalog.API", "Services\Catalog\Catalog.API\Catalog.API.csproj", "{F805682E-CD92-44FD-B5D6-D409ADBD532D}"
EndProject
Project("{2150E333-8FDC-42A3-9474-1A3956D46DE8}") = "BuildingBlocks", "BuildingBlocks", "{A9795536-6270-4324-9E07-BBED0028BFB9}"
EndProject
Project("{9A19103F-16F7-4668-BE54-9A1E7A4F7556}") = "BuildingBlocks", "BuildingBlocks\BuildingBlocks\BuildingBlocks.csproj", "{10E2ED1D-FF7F-48EC-96C9-A07CC0E5D693}"
EndProject
Project("{E53339B2-1760-4266-BCC7-CA923CBCF16C}") = "docker-compose", "docker-compose.dcproj", "{A5AB0EA0-2DD9-45F6-B44E-BA454AFC58B6}"
EndProject
Project("{2150E333-8FDC-42A3-9474-1A3956D46DE8}") = "Basket", "Basket", "{AFA85326-E547-4586-8D78-840DC0BD059E}"
EndProject
Project("{9A19103F-16F7-4668-BE54-9A1E7A4F7556}") = "Basket.API", "Services\Basket\Basket.API\Basket.API.csproj", "{F216545A-A296-4748-8CE0-EC25ADBB8C94}"
EndProject
Project("{2150E333-8FDC-42A3-9474-1A3956D46DE8}") = "Discount", "Discount", "{E760A3F3-3777-4794-B6F8-5EFB9D298C36}"
EndProject
Project("{9A19103F-16F7-4668-BE54-9A1E7A4F7556}") = "Discount.Grpc", "Services\Discount\Discount.Grpc\Discount.Grpc.csproj", "{29927385-1C03-4428-BC0A-A565A1492D21}"
EndProject
Project("{2150E333-8FDC-42A3-9474-1A3956D46DE8}") = "Ordering", "Ordering", "{A5999AC1-8CD3-4E77-A08B-E10EEE5C759E}"
EndProject
Project("{9A19103F-16F7-4668-BE54-9A1E7A4F7556}") = "Ordering.API", "Services\Ordering\Ordering.API\Ordering.API.csproj", "{D3A30730-B5AA-4448-A666-75316012BEB6}"
EndProject
Project("{9A19103F-16F7-4668-BE54-9A1E7A4F7556}") = "Ordering.Domain", "Services\Ordering\Ordering.Domain\Ordering.Domain.csproj", "{0C1A2387-089A-44B9-8BC5-D503BF20015C}"
EndProject
Project("{9A19103F-16F7-4668-BE54-9A1E7A4F7556}") = "Ordering.Application", "Services\Ordering\Ordering.Application\Ordering.Application.csproj", "{E4BA3E2D-8C36-4E55-8432-A271E1A1F0C7}"
EndProject
Project("{9A19103F-16F7-4668-BE54-9A1E7A4F7556}") = "Ordering.Infrastructure", "Services\Ordering\Ordering.Infrastructure\Ordering.Infrastructure.csproj", "{B1C4D303-6E5F-43AB-98CB-044AE6DDB5BB}"
EndProject
Project("{2150E333-8FDC-42A3-9474-1A3956D46DE8}") = "Solution Items", "Solution Items", "{CD307AC7-A983-4AA1-AAFF-0CAD88EFCA58}"
	ProjectSection(SolutionItems) = preProject
		.editorconfig = .editorconfig
	EndProjectSection
EndProject
Project("{9A19103F-16F7-4668-BE54-9A1E7A4F7556}") = "BuildingBlocks.Messaging", "BuildingBlocks\BuildingBlocks.Messaging\BuildingBlocks.Messaging.csproj", "{9D2E3E34-63F9-44B0-AE1D-6929686F3B52}"
EndProject
Project("{2150E333-8FDC-42A3-9474-1A3956D46DE8}") = "ApiGateways", "ApiGateways", "{246251F3-1378-4C3D-AE6F-290B46E90C51}"
EndProject
Project("{FAE04EC0-301F-11D3-BF4B-00C04F79EFBC}") = "YarpApiGateway", "ApiGateways\YarpApiGateway\YarpApiGateway.csproj", "{7F59847A-D06C-4D01-8412-18CC167CB442}"
EndProject
Global
	GlobalSection(SolutionConfigurationPlatforms) = preSolution
		Debug|Any CPU = Debug|Any CPU
		Release|Any CPU = Release|Any CPU
	EndGlobalSection
	GlobalSection(ProjectConfigurationPlatforms) = postSolution
		{F805682E-CD92-44FD-B5D6-D409ADBD532D}.Debug|Any CPU.ActiveCfg = Debug|Any CPU
		{F805682E-CD92-44FD-B5D6-D409ADBD532D}.Debug|Any CPU.Build.0 = Debug|Any CPU
		{F805682E-CD92-44FD-B5D6-D409ADBD532D}.Release|Any CPU.ActiveCfg = Release|Any CPU
		{F805682E-CD92-44FD-B5D6-D409ADBD532D}.Release|Any CPU.Build.0 = Release|Any CPU
		{10E2ED1D-FF7F-48EC-96C9-A07CC0E5D693}.Debug|Any CPU.ActiveCfg = Debug|Any CPU
		{10E2ED1D-FF7F-48EC-96C9-A07CC0E5D693}.Debug|Any CPU.Build.0 = Debug|Any CPU
		{10E2ED1D-FF7F-48EC-96C9-A07CC0E5D693}.Release|Any CPU.ActiveCfg = Release|Any CPU
		{10E2ED1D-FF7F-48EC-96C9-A07CC0E5D693}.Release|Any CPU.Build.0 = Release|Any CPU
		{A5AB0EA0-2DD9-45F6-B44E-BA454AFC58B6}.Debug|Any CPU.ActiveCfg = Debug|Any CPU
		{A5AB0EA0-2DD9-45F6-B44E-BA454AFC58B6}.Debug|Any CPU.Build.0 = Debug|Any CPU
		{A5AB0EA0-2DD9-45F6-B44E-BA454AFC58B6}.Release|Any CPU.ActiveCfg = Release|Any CPU
		{A5AB0EA0-2DD9-45F6-B44E-BA454AFC58B6}.Release|Any CPU.Build.0 = Release|Any CPU
		{F216545A-A296-4748-8CE0-EC25ADBB8C94}.Debug|Any CPU.ActiveCfg = Debug|Any CPU
		{F216545A-A296-4748-8CE0-EC25ADBB8C94}.Debug|Any CPU.Build.0 = Debug|Any CPU
		{F216545A-A296-4748-8CE0-EC25ADBB8C94}.Release|Any CPU.ActiveCfg = Release|Any CPU
		{F216545A-A296-4748-8CE0-EC25ADBB8C94}.Release|Any CPU.Build.0 = Release|Any CPU
		{29927385-1C03-4428-BC0A-A565A1492D21}.Debug|Any CPU.ActiveCfg = Debug|Any CPU
		{29927385-1C03-4428-BC0A-A565A1492D21}.Debug|Any CPU.Build.0 = Debug|Any CPU
		{29927385-1C03-4428-BC0A-A565A1492D21}.Release|Any CPU.ActiveCfg = Release|Any CPU
		{29927385-1C03-4428-BC0A-A565A1492D21}.Release|Any CPU.Build.0 = Release|Any CPU
		{D3A30730-B5AA-4448-A666-75316012BEB6}.Debug|Any CPU.ActiveCfg = Debug|Any CPU
		{D3A30730-B5AA-4448-A666-75316012BEB6}.Debug|Any CPU.Build.0 = Debug|Any CPU
		{D3A30730-B5AA-4448-A666-75316012BEB6}.Release|Any CPU.ActiveCfg = Release|Any CPU
		{D3A30730-B5AA-4448-A666-75316012BEB6}.Release|Any CPU.Build.0 = Release|Any CPU
		{0C1A2387-089A-44B9-8BC5-D503BF20015C}.Debug|Any CPU.ActiveCfg = Debug|Any CPU
		{0C1A2387-089A-44B9-8BC5-D503BF20015C}.Debug|Any CPU.Build.0 = Debug|Any CPU
		{0C1A2387-089A-44B9-8BC5-D503BF20015C}.Release|Any CPU.ActiveCfg = Release|Any CPU
		{0C1A2387-089A-44B9-8BC5-D503BF20015C}.Release|Any CPU.Build.0 = Release|Any CPU
		{E4BA3E2D-8C36-4E55-8432-A271E1A1F0C7}.Debug|Any CPU.ActiveCfg = Debug|Any CPU
		{E4BA3E2D-8C36-4E55-8432-A271E1A1F0C7}.Debug|Any CPU.Build.0 = Debug|Any CPU
		{E4BA3E2D-8C36-4E55-8432-A271E1A1F0C7}.Release|Any CPU.ActiveCfg = Release|Any CPU
		{E4BA3E2D-8C36-4E55-8432-A271E1A1F0C7}.Release|Any CPU.Build.0 = Release|Any CPU
		{B1C4D303-6E5F-43AB-98CB-044AE6DDB5BB}.Debug|Any CPU.ActiveCfg = Debug|Any CPU
		{B1C4D303-6E5F-43AB-98CB-044AE6DDB5BB}.Debug|Any CPU.Build.0 = Debug|Any CPU
		{B1C4D303-6E5F-43AB-98CB-044AE6DDB5BB}.Release|Any CPU.ActiveCfg = Release|Any CPU
		{B1C4D303-6E5F-43AB-98CB-044AE6DDB5BB}.Release|Any CPU.Build.0 = Release|Any CPU
		{9D2E3E34-63F9-44B0-AE1D-6929686F3B52}.Debug|Any CPU.ActiveCfg = Debug|Any CPU
		{9D2E3E34-63F9-44B0-AE1D-6929686F3B52}.Debug|Any CPU.Build.0 = Debug|Any CPU
		{9D2E3E34-63F9-44B0-AE1D-6929686F3B52}.Release|Any CPU.ActiveCfg = Release|Any CPU
		{9D2E3E34-63F9-44B0-AE1D-6929686F3B52}.Release|Any CPU.Build.0 = Release|Any CPU
		{7F59847A-D06C-4D01-8412-18CC167CB442}.Debug|Any CPU.ActiveCfg = Debug|Any CPU
		{7F59847A-D06C-4D01-8412-18CC167CB442}.Debug|Any CPU.Build.0 = Debug|Any CPU
		{7F59847A-D06C-4D01-8412-18CC167CB442}.Release|Any CPU.ActiveCfg = Release|Any CPU
		{7F59847A-D06C-4D01-8412-18CC167CB442}.Release|Any CPU.Build.0 = Release|Any CPU
	EndGlobalSection
	GlobalSection(SolutionProperties) = preSolution
		HideSolutionNode = FALSE
	EndGlobalSection
	GlobalSection(NestedProjects) = preSolution
		{8F7DD84B-11F4-444B-81AF-59D0B8909F8C} = {7FB331EA-1CF5-4CFF-9E3C-361455A6EEC7}
		{F805682E-CD92-44FD-B5D6-D409ADBD532D} = {8F7DD84B-11F4-444B-81AF-59D0B8909F8C}
		{10E2ED1D-FF7F-48EC-96C9-A07CC0E5D693} = {A9795536-6270-4324-9E07-BBED0028BFB9}
		{AFA85326-E547-4586-8D78-840DC0BD059E} = {7FB331EA-1CF5-4CFF-9E3C-361455A6EEC7}
		{F216545A-A296-4748-8CE0-EC25ADBB8C94} = {AFA85326-E547-4586-8D78-840DC0BD059E}
		{E760A3F3-3777-4794-B6F8-5EFB9D298C36} = {7FB331EA-1CF5-4CFF-9E3C-361455A6EEC7}
		{29927385-1C03-4428-BC0A-A565A1492D21} = {E760A3F3-3777-4794-B6F8-5EFB9D298C36}
		{A5999AC1-8CD3-4E77-A08B-E10EEE5C759E} = {7FB331EA-1CF5-4CFF-9E3C-361455A6EEC7}
		{D3A30730-B5AA-4448-A666-75316012BEB6} = {A5999AC1-8CD3-4E77-A08B-E10EEE5C759E}
		{0C1A2387-089A-44B9-8BC5-D503BF20015C} = {A5999AC1-8CD3-4E77-A08B-E10EEE5C759E}
		{E4BA3E2D-8C36-4E55-8432-A271E1A1F0C7} = {A5999AC1-8CD3-4E77-A08B-E10EEE5C759E}
		{B1C4D303-6E5F-43AB-98CB-044AE6DDB5BB} = {A5999AC1-8CD3-4E77-A08B-E10EEE5C759E}
		{9D2E3E34-63F9-44B0-AE1D-6929686F3B52} = {A9795536-6270-4324-9E07-BBED0028BFB9}
		{7F59847A-D06C-4D01-8412-18CC167CB442} = {246251F3-1378-4C3D-AE6F-290B46E90C51}
	EndGlobalSection
	GlobalSection(ExtensibilityGlobals) = postSolution
		SolutionGuid = {A37D3E7D-4BE8-4099-942F-42F72E284ECC}
	EndGlobalSection
EndGlobal
